
Microsoft Visual Studio Solution File, Format Version 12.00
# Visual Studio Version 17
VisualStudioVersion = 17.0.31903.59
MinimumVisualStudioVersion = 10.0.40219.1
Project("{FAE04EC0-301F-11D3-BF4B-00C04F79EFBC}") = "Srndx", "src\Srndx\Srndx.csproj", "{E9463A46-4DAA-416E-BA44-16454C9B5C4D}"
EndProject
Project("{FAE04EC0-301F-11D3-BF4B-00C04F79EFBC}") = "Srndx.Tests", "tests\Srndx.Tests\Srndx.Tests.csproj", "{9F137C86-A881-4522-8C27-A0ADC07300E8}"
EndProject
Global
	GlobalSection(SolutionConfigurationPlatforms) = preSolution
		Debug|Any CPU = Debug|Any CPU
		Debug|x64 = Debug|x64
		Debug|x86 = Debug|x86
		Release|Any CPU = Release|Any CPU
		Release|x64 = Release|x64
		Release|x86 = Release|x86
	EndGlobalSection
	GlobalSection(ProjectConfigurationPlatforms) = postSolution
		{E9463A46-4DAA-416E-BA44-16454C9B5C4D}.Debug|Any CPU.ActiveCfg = Debug|Any CPU
		{E9463A46-4DAA-416E-BA44-16454C9B5C4D}.Debug|Any CPU.Build.0 = Debug|Any CPU
		{E9463A46-4DAA-416E-BA44-16454C9B5C4D}.Debug|x64.ActiveCfg = Debug|Any CPU
		{E9463A46-4DAA-416E-BA44-16454C9B5C4D}.Debug|x64.Build.0 = Debug|Any CPU
		{E9463A46-4DAA-416E-BA44-16454C9B5C4D}.Debug|x86.ActiveCfg = Debug|Any CPU
		{E9463A46-4DAA-416E-BA44-16454C9B5C4D}.Debug|x86.Build.0 = Debug|Any CPU
		{E9463A46-4DAA-416E-BA44-16454C9B5C4D}.Release|Any CPU.ActiveCfg = Release|Any CPU
		{E9463A46-4DAA-416E-BA44-16454C9B5C4D}.Release|Any CPU.Build.0 = Release|Any CPU
		{E9463A46-4DAA-416E-BA44-16454C9B5C4D}.Release|x64.ActiveCfg = Release|Any CPU
		{E9463A46-4DAA-416E-BA44-16454C9B5C4D}.Release|x64.Build.0 = Release|Any CPU
		{E9463A46-4DAA-416E-BA44-16454C9B5C4D}.Release|x86.ActiveCfg = Release|Any CPU
		{E9463A46-4DAA-416E-BA44-16454C9B5C4D}.Release|x86.Build.0 = Release|Any CPU
		{9F137C86-A881-4522-8C27-A0ADC07300E8}.Debug|Any CPU.ActiveCfg = Debug|Any CPU
		{9F137C86-A881-4522-8C27-A0ADC07300E8}.Debug|Any CPU.Build.0 = Debug|Any CPU
		{9F137C86-A881-4522-8C27-A0ADC07300E8}.Debug|x64.ActiveCfg = Debug|Any CPU
		{9F137C86-A881-4522-8C27-A0ADC07300E8}.Debug|x64.Build.0 = Debug|Any CPU
		{9F137C86-A881-4522-8C27-A0ADC07300E8}.Debug|x86.ActiveCfg = Debug|Any CPU
		{9F137C86-A881-4522-8C27-A0ADC07300E8}.Debug|x86.Build.0 = Debug|Any CPU
		{9F137C86-A881-4522-8C27-A0ADC07300E8}.Release|Any CPU.ActiveCfg = Release|Any CPU
		{9F137C86-A881-4522-8C27-A0ADC07300E8}.Release|Any CPU.Build.0 = Release|Any CPU
		{9F137C86-A881-4522-8C27-A0ADC07300E8}.Release|x64.ActiveCfg = Release|Any CPU
		{9F137C86-A881-4522-8C27-A0ADC07300E8}.Release|x64.Build.0 = Release|Any CPU
		{9F137C86-A881-4522-8C27-A0ADC07300E8}.Release|x86.ActiveCfg = Release|Any CPU
		{9F137C86-A881-4522-8C27-A0ADC07300E8}.Release|x86.Build.0 = Release|Any CPU
	EndGlobalSection
	GlobalSection(SolutionProperties) = preSolution
		HideSolutionNode = FALSE
	EndGlobalSection
EndGlobal
