
Microsoft Visual Studio Solution File, Format Version 12.00
# Visual Studio Version 17
VisualStudioVersion = 17.0.31903.59
MinimumVisualStudioVersion = 10.0.40219.1
Project("{FAE04EC0-301F-11D3-BF4B-00C04F79EFBC}") = "Srndx", "Srndx.csproj", "{29E62443-6E9C-4092-A501-C7C9B244CE89}"
EndProject
Project("{2150E333-8FDC-42A3-9474-1A3956D46DE8}") = "tests", "tests", "{0AB3BF05-4346-4AA6-1389-037BE0695223}"
EndProject
Project("{FAE04EC0-301F-11D3-BF4B-00C04F79EFBC}") = "Srndx.Tests", "tests\Srndx.Tests\Srndx.Tests.csproj", "{3A9B328D-9B51-4A63-8E64-E02950EAE538}"
EndProject
Global
	GlobalSection(SolutionConfigurationPlatforms) = preSolution
		Debug|Any CPU = Debug|Any CPU
		Debug|x64 = Debug|x64
		Debug|x86 = Debug|x86
		Release|Any CPU = Release|Any CPU
		Release|x64 = Release|x64
		Release|x86 = Release|x86
	EndGlobalSection
	GlobalSection(ProjectConfigurationPlatforms) = postSolution
		{29E62443-6E9C-4092-A501-C7C9B244CE89}.Debug|Any CPU.ActiveCfg = Debug|Any CPU
		{29E62443-6E9C-4092-A501-C7C9B244CE89}.Debug|Any CPU.Build.0 = Debug|Any CPU
		{29E62443-6E9C-4092-A501-C7C9B244CE89}.Debug|x64.ActiveCfg = Debug|Any CPU
		{29E62443-6E9C-4092-A501-C7C9B244CE89}.Debug|x64.Build.0 = Debug|Any CPU
		{29E62443-6E9C-4092-A501-C7C9B244CE89}.Debug|x86.ActiveCfg = Debug|Any CPU
		{29E62443-6E9C-4092-A501-C7C9B244CE89}.Debug|x86.Build.0 = Debug|Any CPU
		{29E62443-6E9C-4092-A501-C7C9B244CE89}.Release|Any CPU.ActiveCfg = Release|Any CPU
		{29E62443-6E9C-4092-A501-C7C9B244CE89}.Release|Any CPU.Build.0 = Release|Any CPU
		{29E62443-6E9C-4092-A501-C7C9B244CE89}.Release|x64.ActiveCfg = Release|Any CPU
		{29E62443-6E9C-4092-A501-C7C9B244CE89}.Release|x64.Build.0 = Release|Any CPU
		{29E62443-6E9C-4092-A501-C7C9B244CE89}.Release|x86.ActiveCfg = Release|Any CPU
		{29E62443-6E9C-4092-A501-C7C9B244CE89}.Release|x86.Build.0 = Release|Any CPU
		{3A9B328D-9B51-4A63-8E64-E02950EAE538}.Debug|Any CPU.ActiveCfg = Debug|Any CPU
		{3A9B328D-9B51-4A63-8E64-E02950EAE538}.Debug|Any CPU.Build.0 = Debug|Any CPU
		{3A9B328D-9B51-4A63-8E64-E02950EAE538}.Debug|x64.ActiveCfg = Debug|Any CPU
		{3A9B328D-9B51-4A63-8E64-E02950EAE538}.Debug|x64.Build.0 = Debug|Any CPU
		{3A9B328D-9B51-4A63-8E64-E02950EAE538}.Debug|x86.ActiveCfg = Debug|Any CPU
		{3A9B328D-9B51-4A63-8E64-E02950EAE538}.Debug|x86.Build.0 = Debug|Any CPU
		{3A9B328D-9B51-4A63-8E64-E02950EAE538}.Release|Any CPU.ActiveCfg = Release|Any CPU
		{3A9B328D-9B51-4A63-8E64-E02950EAE538}.Release|Any CPU.Build.0 = Release|Any CPU
		{3A9B328D-9B51-4A63-8E64-E02950EAE538}.Release|x64.ActiveCfg = Release|Any CPU
		{3A9B328D-9B51-4A63-8E64-E02950EAE538}.Release|x64.Build.0 = Release|Any CPU
		{3A9B328D-9B51-4A63-8E64-E02950EAE538}.Release|x86.ActiveCfg = Release|Any CPU
		{3A9B328D-9B51-4A63-8E64-E02950EAE538}.Release|x86.Build.0 = Release|Any CPU
	EndGlobalSection
	GlobalSection(SolutionProperties) = preSolution
		HideSolutionNode = FALSE
	EndGlobalSection
	GlobalSection(NestedProjects) = preSolution
		{3A9B328D-9B51-4A63-8E64-E02950EAE538} = {0AB3BF05-4346-4AA6-1389-037BE0695223}
	EndGlobalSection
EndGlobal
